
Microsoft Visual Studio Solution File, Format Version 12.00
# Visual Studio 15
VisualStudioVersion = 15.0.26430.16
MinimumVisualStudioVersion = 10.0.40219.1
Project("{FAE04EC0-301F-11D3-BF4B-00C04F79EFBC}") = "EnviarCorreos", "EnviarCorreos\EnviarCorreos.csproj", "{75A72744-A64D-446A-8F39-29BB06BC32D1}"
EndProject
Project("{FAE04EC0-301F-11D3-BF4B-00C04F79EFBC}") = "EnviarCorreos.Tests", "EnviarCorreos.Tests\EnviarCorreos.Tests.csproj", "{AE2FDE9C-C54D-4619-B519-CCFB4CF75664}"
EndProject
Global
	GlobalSection(SolutionConfigurationPlatforms) = preSolution
		Debug|Any CPU = Debug|Any CPU
		Release|Any CPU = Release|Any CPU
	EndGlobalSection
	GlobalSection(ProjectConfigurationPlatforms) = postSolution
		{75A72744-A64D-446A-8F39-29BB06BC32D1}.Debug|Any CPU.ActiveCfg = Debug|Any CPU
		{75A72744-A64D-446A-8F39-29BB06BC32D1}.Debug|Any CPU.Build.0 = Debug|Any CPU
		{75A72744-A64D-446A-8F39-29BB06BC32D1}.Release|Any CPU.ActiveCfg = Release|Any CPU
		{75A72744-A64D-446A-8F39-29BB06BC32D1}.Release|Any CPU.Build.0 = Release|Any CPU
		{AE2FDE9C-C54D-4619-B519-CCFB4CF75664}.Debug|Any CPU.ActiveCfg = Debug|Any CPU
		{AE2FDE9C-C54D-4619-B519-CCFB4CF75664}.Debug|Any CPU.Build.0 = Debug|Any CPU
		{AE2FDE9C-C54D-4619-B519-CCFB4CF75664}.Release|Any CPU.ActiveCfg = Release|Any CPU
		{AE2FDE9C-C54D-4619-B519-CCFB4CF75664}.Release|Any CPU.Build.0 = Release|Any CPU
	EndGlobalSection
	GlobalSection(SolutionProperties) = preSolution
		HideSolutionNode = FALSE
	EndGlobalSection
EndGlobal
